
Microsoft Visual Studio Solution File, Format Version 12.00
# Visual Studio Version 17
VisualStudioVersion = 17.6.33829.357
MinimumVisualStudioVersion = 10.0.40219.1
Project("{FAE04EC0-301F-11D3-BF4B-00C04F79EFBC}") = "eTickets", "eTickets\eTickets.csproj", "{2F70062D-D004-4E27-9C01-B63C1344C1F4}"
EndProject
Global
	GlobalSection(SolutionConfigurationPlatforms) = preSolution
		Debug|Any CPU = Debug|Any CPU
		Release|Any CPU = Release|Any CPU
	EndGlobalSection
	GlobalSection(ProjectConfigurationPlatforms) = postSolution
		{2F70062D-D004-4E27-9C01-B63C1344C1F4}.Debug|Any CPU.ActiveCfg = Debug|Any CPU
		{2F70062D-D004-4E27-9C01-B63C1344C1F4}.Debug|Any CPU.Build.0 = Debug|Any CPU
		{2F70062D-D004-4E27-9C01-B63C1344C1F4}.Release|Any CPU.ActiveCfg = Release|Any CPU
		{2F70062D-D004-4E27-9C01-B63C1344C1F4}.Release|Any CPU.Build.0 = Release|Any CPU
	EndGlobalSection
	GlobalSection(SolutionProperties) = preSolution
		HideSolutionNode = FALSE
	EndGlobalSection
	GlobalSection(ExtensibilityGlobals) = postSolution
		SolutionGuid = {E414D2D0-0B86-4135-BCE0-5E73034D9CD4}
	EndGlobalSection
EndGlobal
